Microsoft Visual Studio Solution File, Format Version 12.00
# Visual Studio 2012
Project("{FAE04EC0-301F-11D3-BF4B-00C04F79EFBC}") = "Tira_Chancla", "Tira_Chancla.csproj", "{33AE75C3-7535-4090-B7A4-331BD99F5256}"
EndProject
Global
	GlobalSection(SolutionConfigurationPlatforms) = preSolution
	Debug|Any CPU = Debug|Any CPU
	ExportDebug|Any CPU = ExportDebug|Any CPU
	ExportRelease|Any CPU = ExportRelease|Any CPU
	EndGlobalSection
	GlobalSection(ProjectConfigurationPlatforms) = postSolution
		{33AE75C3-7535-4090-B7A4-331BD99F5256}.Debug|Any CPU.ActiveCfg = Debug|Any CPU
		{33AE75C3-7535-4090-B7A4-331BD99F5256}.Debug|Any CPU.Build.0 = Debug|Any CPU
		{33AE75C3-7535-4090-B7A4-331BD99F5256}.ExportDebug|Any CPU.ActiveCfg = ExportDebug|Any CPU
		{33AE75C3-7535-4090-B7A4-331BD99F5256}.ExportDebug|Any CPU.Build.0 = ExportDebug|Any CPU
		{33AE75C3-7535-4090-B7A4-331BD99F5256}.ExportRelease|Any CPU.ActiveCfg = ExportRelease|Any CPU
		{33AE75C3-7535-4090-B7A4-331BD99F5256}.ExportRelease|Any CPU.Build.0 = ExportRelease|Any CPU
	EndGlobalSection
EndGlobal
